
Microsoft Visual Studio Solution File, Format Version 12.00
# Visual Studio 14
VisualStudioVersion = 14.0.25123.0
MinimumVisualStudioVersion = 10.0.40219.1
Project("{FAE04EC0-301F-11D3-BF4B-00C04F79EFBC}") = "CsharpLibrary", "CsharpLibrary\CsharpLibrary.csproj", "{3FAF981A-DBDD-4D63-B6E8-C9A8851B869F}"
EndProject
Project("{FAE04EC0-301F-11D3-BF4B-00C04F79EFBC}") = "CsharpLibrary_Tests", "CsharpLibrary_Tests\CsharpLibrary_Tests.csproj", "{808360B5-B659-4CE2-892E-A46A1886EB38}"
EndProject
Project("{E24C65DC-7377-472B-9ABA-BC803B73C61A}") = "CsharpLibrary_WebTests", "CsharpLibrary_WebTests\", "{A28BCA36-A41F-4519-B3DD-387A38ED83BE}"
	ProjectSection(WebsiteProperties) = preProject
		TargetFrameworkMoniker = ".NETFramework,Version%3Dv4.5.2"
		Debug.AspNetCompiler.VirtualPath = "/localhost_50923"
		Debug.AspNetCompiler.PhysicalPath = "CsharpLibrary_WebTests\"
		Debug.AspNetCompiler.TargetPath = "PrecompiledWeb\localhost_50923\"
		Debug.AspNetCompiler.Updateable = "true"
		Debug.AspNetCompiler.ForceOverwrite = "true"
		Debug.AspNetCompiler.FixedNames = "false"
		Debug.AspNetCompiler.Debug = "True"
		Release.AspNetCompiler.VirtualPath = "/localhost_50923"
		Release.AspNetCompiler.PhysicalPath = "CsharpLibrary_WebTests\"
		Release.AspNetCompiler.TargetPath = "PrecompiledWeb\localhost_50923\"
		Release.AspNetCompiler.Updateable = "true"
		Release.AspNetCompiler.ForceOverwrite = "true"
		Release.AspNetCompiler.FixedNames = "false"
		Release.AspNetCompiler.Debug = "False"
		VWDPort = "50923"
		SlnRelativePath = "CsharpLibrary_WebTests\"
		DefaultWebSiteLanguage = "Visual C#"
	EndProjectSection
EndProject
Project("{FAE04EC0-301F-11D3-BF4B-00C04F79EFBC}") = "RepositoryPattern", "RepositoryPattern\RepositoryPattern.csproj", "{83C72C5C-ADB6-4943-A3FA-4B52CF072ACD}"
EndProject
Project("{FAE04EC0-301F-11D3-BF4B-00C04F79EFBC}") = "WebApplication", "WebApplication\WebApplication.csproj", "{BB36FB25-AB50-4539-B4A5-733FE9E0A9D6}"
EndProject
Project("{FAE04EC0-301F-11D3-BF4B-00C04F79EFBC}") = "WebApplication.Tests", "WebApplication.Tests\WebApplication.Tests.csproj", "{17BE12F1-9108-4380-A5B9-18F7B1CFD239}"
EndProject
Global
	GlobalSection(SolutionConfigurationPlatforms) = preSolution
		Debug|Any CPU = Debug|Any CPU
		Release|Any CPU = Release|Any CPU
	EndGlobalSection
	GlobalSection(ProjectConfigurationPlatforms) = postSolution
		{3FAF981A-DBDD-4D63-B6E8-C9A8851B869F}.Debug|Any CPU.ActiveCfg = Debug|Any CPU
		{3FAF981A-DBDD-4D63-B6E8-C9A8851B869F}.Debug|Any CPU.Build.0 = Debug|Any CPU
		{3FAF981A-DBDD-4D63-B6E8-C9A8851B869F}.Release|Any CPU.ActiveCfg = Release|Any CPU
		{3FAF981A-DBDD-4D63-B6E8-C9A8851B869F}.Release|Any CPU.Build.0 = Release|Any CPU
		{808360B5-B659-4CE2-892E-A46A1886EB38}.Debug|Any CPU.ActiveCfg = Debug|Any CPU
		{808360B5-B659-4CE2-892E-A46A1886EB38}.Debug|Any CPU.Build.0 = Debug|Any CPU
		{808360B5-B659-4CE2-892E-A46A1886EB38}.Release|Any CPU.ActiveCfg = Release|Any CPU
		{808360B5-B659-4CE2-892E-A46A1886EB38}.Release|Any CPU.Build.0 = Release|Any CPU
		{A28BCA36-A41F-4519-B3DD-387A38ED83BE}.Debug|Any CPU.ActiveCfg = Debug|Any CPU
		{A28BCA36-A41F-4519-B3DD-387A38ED83BE}.Debug|Any CPU.Build.0 = Debug|Any CPU
		{A28BCA36-A41F-4519-B3DD-387A38ED83BE}.Release|Any CPU.ActiveCfg = Debug|Any CPU
		{A28BCA36-A41F-4519-B3DD-387A38ED83BE}.Release|Any CPU.Build.0 = Debug|Any CPU
		{83C72C5C-ADB6-4943-A3FA-4B52CF072ACD}.Debug|Any CPU.ActiveCfg = Debug|Any CPU
		{83C72C5C-ADB6-4943-A3FA-4B52CF072ACD}.Debug|Any CPU.Build.0 = Debug|Any CPU
		{83C72C5C-ADB6-4943-A3FA-4B52CF072ACD}.Release|Any CPU.ActiveCfg = Release|Any CPU
		{83C72C5C-ADB6-4943-A3FA-4B52CF072ACD}.Release|Any CPU.Build.0 = Release|Any CPU
		{BB36FB25-AB50-4539-B4A5-733FE9E0A9D6}.Debug|Any CPU.ActiveCfg = Debug|Any CPU
		{BB36FB25-AB50-4539-B4A5-733FE9E0A9D6}.Debug|Any CPU.Build.0 = Debug|Any CPU
		{BB36FB25-AB50-4539-B4A5-733FE9E0A9D6}.Release|Any CPU.ActiveCfg = Release|Any CPU
		{BB36FB25-AB50-4539-B4A5-733FE9E0A9D6}.Release|Any CPU.Build.0 = Release|Any CPU
		{17BE12F1-9108-4380-A5B9-18F7B1CFD239}.Debug|Any CPU.ActiveCfg = Debug|Any CPU
		{17BE12F1-9108-4380-A5B9-18F7B1CFD239}.Debug|Any CPU.Build.0 = Debug|Any CPU
		{17BE12F1-9108-4380-A5B9-18F7B1CFD239}.Release|Any CPU.ActiveCfg = Release|Any CPU
		{17BE12F1-9108-4380-A5B9-18F7B1CFD239}.Release|Any CPU.Build.0 = Release|Any CPU
	EndGlobalSection
	GlobalSection(SolutionProperties) = preSolution
		HideSolutionNode = FALSE
	EndGlobalSection
EndGlobal
